
Microsoft Visual Studio Solution File, Format Version 12.00
# Visual Studio 15
VisualStudioVersion = 15.0.28307.102
MinimumVisualStudioVersion = 10.0.40219.1
Project("{FAE04EC0-301F-11D3-BF4B-00C04F79EFBC}") = "wpfProjectJK01", "wpfProjectJK01\wpfProjectJK01.csproj", "{8E061B9E-206F-42E1-9259-4E67E19ED642}"
EndProject
Global
	GlobalSection(SolutionConfigurationPlatforms) = preSolution
		Debug|Any CPU = Debug|Any CPU
		Release|Any CPU = Release|Any CPU
	EndGlobalSection
	GlobalSection(ProjectConfigurationPlatforms) = postSolution
		{8E061B9E-206F-42E1-9259-4E67E19ED642}.Debug|Any CPU.ActiveCfg = Debug|Any CPU
		{8E061B9E-206F-42E1-9259-4E67E19ED642}.Debug|Any CPU.Build.0 = Debug|Any CPU
		{8E061B9E-206F-42E1-9259-4E67E19ED642}.Release|Any CPU.ActiveCfg = Release|Any CPU
		{8E061B9E-206F-42E1-9259-4E67E19ED642}.Release|Any CPU.Build.0 = Release|Any CPU
	EndGlobalSection
	GlobalSection(SolutionProperties) = preSolution
		HideSolutionNode = FALSE
	EndGlobalSection
	GlobalSection(ExtensibilityGlobals) = postSolution
		SolutionGuid = {60F76002-E909-4503-9680-7629B4406CB3}
	EndGlobalSection
EndGlobal
